
Microsoft Visual Studio Solution File, Format Version 12.00
# Visual Studio Version 17
VisualStudioVersion = 17.5.33424.131
MinimumVisualStudioVersion = 10.0.40219.1
Project("{8BC9CEB8-8B4A-11D0-8D11-00A0C91BC942}") = "俄罗斯方块(c++大作业)", "俄罗斯方块(c++大作业)\俄罗斯方块(c++大作业).vcxproj", "{34743D85-1A43-442A-8380-B0D467A596C5}"
EndProject
Global
	GlobalSection(SolutionConfigurationPlatforms) = preSolution
		Debug|x64 = Debug|x64
		Debug|x86 = Debug|x86
		Release|x64 = Release|x64
		Release|x86 = Release|x86
	EndGlobalSection
	GlobalSection(ProjectConfigurationPlatforms) = postSolution
		{34743D85-1A43-442A-8380-B0D467A596C5}.Debug|x64.ActiveCfg = Debug|x64
		{34743D85-1A43-442A-8380-B0D467A596C5}.Debug|x64.Build.0 = Debug|x64
		{34743D85-1A43-442A-8380-B0D467A596C5}.Debug|x86.ActiveCfg = Debug|Win32
		{34743D85-1A43-442A-8380-B0D467A596C5}.Debug|x86.Build.0 = Debug|Win32
		{34743D85-1A43-442A-8380-B0D467A596C5}.Release|x64.ActiveCfg = Release|x64
		{34743D85-1A43-442A-8380-B0D467A596C5}.Release|x64.Build.0 = Release|x64
		{34743D85-1A43-442A-8380-B0D467A596C5}.Release|x86.ActiveCfg = Release|Win32
		{34743D85-1A43-442A-8380-B0D467A596C5}.Release|x86.Build.0 = Release|Win32
	EndGlobalSection
	GlobalSection(SolutionProperties) = preSolution
		HideSolutionNode = FALSE
	EndGlobalSection
	GlobalSection(ExtensibilityGlobals) = postSolution
		SolutionGuid = {4DDDB11D-1284-4F4A-A188-AF56D90F37FE}
	EndGlobalSection
EndGlobal
